
Microsoft Visual Studio Solution File, Format Version 12.00
# Visual Studio Version 17
VisualStudioVersion = 17.5.33424.131
MinimumVisualStudioVersion = 10.0.40219.1
Project("{FAE04EC0-301F-11D3-BF4B-00C04F79EFBC}") = "Temperatura", "Temperatura\Temperatura.csproj", "{46744EF2-8354-4803-B76E-3CD432FA4856}"
EndProject
Global
	GlobalSection(SolutionConfigurationPlatforms) = preSolution
		Debug|Any CPU = Debug|Any CPU
		Release|Any CPU = Release|Any CPU
	EndGlobalSection
	GlobalSection(ProjectConfigurationPlatforms) = postSolution
		{46744EF2-8354-4803-B76E-3CD432FA4856}.Debug|Any CPU.ActiveCfg = Debug|Any CPU
		{46744EF2-8354-4803-B76E-3CD432FA4856}.Debug|Any CPU.Build.0 = Debug|Any CPU
		{46744EF2-8354-4803-B76E-3CD432FA4856}.Release|Any CPU.ActiveCfg = Release|Any CPU
		{46744EF2-8354-4803-B76E-3CD432FA4856}.Release|Any CPU.Build.0 = Release|Any CPU
	EndGlobalSection
	GlobalSection(SolutionProperties) = preSolution
		HideSolutionNode = FALSE
	EndGlobalSection
	GlobalSection(ExtensibilityGlobals) = postSolution
		SolutionGuid = {821A2879-65C2-4D66-96E0-E3FF51A0AA8E}
	EndGlobalSection
EndGlobal
